# THIS IS AN AUTOGENERATED FILE. DO NOT EDIT THIS FILE DIRECTLY.
# yarn lockfile v1


"@next/bundle-analyzer@^12.1.4":
  version "12.1.4"
  resolved "https://registry.yarnpkg.com/@next/bundle-analyzer/-/bundle-analyzer-12.1.4.tgz#22afb920b769a54a8da118af0786df0a1f4fca47"
  integrity sha512-Xw3gxBTOAS5bcayUl2hDYeCbAFIR+7poiGW4Wi/KGcsjgVRetKBS6akZ1AZsz36CUOdCxajKO45B6CeAaKtcqA==
  dependencies:
    webpack-bundle-analyzer "4.3.0"

"@next/env@12.1.4":
  version "12.1.4"
  resolved "https://registry.yarnpkg.com/@next/env/-/env-12.1.4.tgz#5af629b43075281ecd7f87938802b7cf5b67e94b"
  integrity sha512-7gQwotJDKnfMxxXd8xJ2vsX5AzyDxO3zou0+QOXX8/unypA6icw5+wf6A62yKZ6qQ4UZHHxS68pb6UV+wNneXg==

"@next/swc-android-arm-eabi@12.1.4":
  version "12.1.4"
  resolved "https://registry.yarnpkg.com/@next/swc-android-arm-eabi/-/swc-android-arm-eabi-12.1.4.tgz#c3dae178b7c15ad627d2e9b8dfb38caecb5c4ac7"
  integrity sha512-FJg/6a3s2YrUaqZ+/DJZzeZqfxbbWrynQMT1C5wlIEq9aDLXCFpPM/PiOyJh0ahxc0XPmi6uo38Poq+GJTuKWw==

"@next/swc-android-arm64@12.1.4":
  version "12.1.4"
  resolved "https://registry.yarnpkg.com/@next/swc-android-arm64/-/swc-android-arm64-12.1.4.tgz#f320d60639e19ecffa1f9034829f2d95502a9a51"
  integrity sha512-LXraazvQQFBgxIg3Htny6G5V5he9EK7oS4jWtMdTGIikmD/OGByOv8ZjLuVLZLtVm3UIvaAiGtlQSLecxJoJDw==

"@next/swc-darwin-arm64@12.1.4":
  version "12.1.4"
  resolved "https://registry.yarnpkg.com/@next/swc-darwin-arm64/-/swc-darwin-arm64-12.1.4.tgz#fd578278312613eddcf3aee26910100509941b63"
  integrity sha512-SSST/dBymecllZxcqTCcSTCu5o1NKk9I+xcvhn/O9nH6GWjgvGgGkNqLbCarCa0jJ1ukvlBA138FagyrmZ/4rQ==

"@next/swc-darwin-x64@12.1.4":
  version "12.1.4"
  resolved "https://registry.yarnpkg.com/@next/swc-darwin-x64/-/swc-darwin-x64-12.1.4.tgz#ace5f80d8c8348efe194f6d7074c6213c52b3944"
  integrity sha512-p1lwdX0TVjaoDXQVuAkjtxVBbCL/urgxiMCBwuPDO7TikpXtSRivi+mIzBj5q7ypgICFmIAOW3TyupXeoPRAnA==

"@next/swc-linux-arm-gnueabihf@12.1.4":
  version "12.1.4"
  resolved "https://registry.yarnpkg.com/@next/swc-linux-arm-gnueabihf/-/swc-linux-arm-gnueabihf-12.1.4.tgz#2bf2c83863635f19c71c226a2df936e001cce29c"
  integrity sha512-67PZlgkCn3TDxacdVft0xqDCL7Io1/C4xbAs0+oSQ0xzp6OzN2RNpuKjHJrJgKd0DsE1XZ9sCP27Qv0591yfyg==

"@next/swc-linux-arm64-gnu@12.1.4":
  version "12.1.4"
  resolved "https://registry.yarnpkg.com/@next/swc-linux-arm64-gnu/-/swc-linux-arm64-gnu-12.1.4.tgz#d577190f641c9b4b463719dd6b8953b6ba9be8d9"
  integrity sha512-OnOWixhhw7aU22TQdQLYrgpgFq0oA1wGgnjAiHJ+St7MLj82KTDyM9UcymAMbGYy6nG/TFOOHdTmRMtCRNOw0g==

"@next/swc-linux-arm64-musl@12.1.4":
  version "12.1.4"
  resolved "https://registry.yarnpkg.com/@next/swc-linux-arm64-musl/-/swc-linux-arm64-musl-12.1.4.tgz#e70ffe70393d8f9242deecdb282ce5a8fd588b14"
  integrity sha512-UoRMzPZnsAavdWtVylYxH8DNC7Uy0i6RrvNwT4PyQVdfANBn2omsUkcH5lgS2O7oaz0nAYLk1vqyZDO7+tJotA==

"@next/swc-linux-x64-gnu@12.1.4":
  version "12.1.4"
  resolved "https://registry.yarnpkg.com/@next/swc-linux-x64-gnu/-/swc-linux-x64-gnu-12.1.4.tgz#91498a130387fb1961902f2bee55863f8e910cff"
  integrity sha512-nM+MA/frxlTLUKLJKorctdI20/ugfHRjVEEkcLp/58LGG7slNaP1E5d5dRA1yX6ISjPcQAkywas5VlGCg+uTvA==

"@next/swc-linux-x64-musl@12.1.4":
  version "12.1.4"
  resolved "https://registry.yarnpkg.com/@next/swc-linux-x64-musl/-/swc-linux-x64-musl-12.1.4.tgz#78057b03c148c121553d41521ad38f6c732762ff"
  integrity sha512-GoRHxkuW4u4yKw734B9SzxJwVdyEJosaZ62P7ifOwcujTxhgBt3y76V2nNUrsSuopcKI2ZTDjaa+2wd5zyeXbA==

"@next/swc-win32-arm64-msvc@12.1.4":
  version "12.1.4"
  resolved "https://registry.yarnpkg.com/@next/swc-win32-arm64-msvc/-/swc-win32-arm64-msvc-12.1.4.tgz#05bbaabacac23b8edf6caa99eb86b17550a09051"
  integrity sha512-6TQkQze0ievXwHJcVUrIULwCYVe3ccX6T0JgZ1SiMeXpHxISN7VJF/O8uSCw1JvXZYZ6ud0CJ7nfC5HXivgfPg==

"@next/swc-win32-ia32-msvc@12.1.4":
  version "12.1.4"
  resolved "https://registry.yarnpkg.com/@next/swc-win32-ia32-msvc/-/swc-win32-ia32-msvc-12.1.4.tgz#8fd2fb48f04a2802e51fc320878bf6b411c1c866"
  integrity sha512-CsbX/IXuZ5VSmWCpSetG2HD6VO5FTsO39WNp2IR2Ut/uom9XtLDJAZqjQEnbUTLGHuwDKFjrIO3LkhtROXLE/g==

"@next/swc-win32-x64-msvc@12.1.4":
  version "12.1.4"
  resolved "https://registry.yarnpkg.com/@next/swc-win32-x64-msvc/-/swc-win32-x64-msvc-12.1.4.tgz#a72ed44c9b1f850986a30fe36c59e01f8a79b5f3"
  integrity sha512-JtYuWzKXKLDMgE/xTcFtCm1MiCIRaAc5XYZfYX3n/ZWSI1SJS/GMm+Su0SAHJgRFavJh6U/p998YwO/iGTIgqQ==

"@polka/url@^1.0.0-next.20":
  version "1.0.0-next.21"
  resolved "https://registry.yarnpkg.com/@polka/url/-/url-1.0.0-next.21.tgz#5de5a2385a35309427f6011992b544514d559aa1"
  integrity sha512-a5Sab1C4/icpTZVzZc5Ghpz88yQtGOyNqYXcZgOssB2uuAr+wF/MvN6bgtW32q7HHrvBki+BsZ0OuNv6EV3K9g==

acorn-walk@^8.0.0:
  version "8.2.0"
  resolved "https://registry.yarnpkg.com/acorn-walk/-/acorn-walk-8.2.0.tgz#741210f2e2426454508853a2f44d0ab83b7f69c1"
  integrity sha512-k+iyHEuPgSw6SbuDpGQM+06HQUa04DZ3o+F6CSzXMvvI5KMvnaEqXe+YVe555R9nn6GPt404fos4wcgpw12SDA==

acorn@^8.0.4:
  version "8.7.0"
  resolved "https://registry.yarnpkg.com/acorn/-/acorn-8.7.0.tgz#90951fde0f8f09df93549481e5fc141445b791cf"
  integrity sha512-V/LGr1APy+PXIwKebEWrkZPwoeoF+w1jiOBUmuxuiUIaOHtob8Qc9BTrYo7VuI5fR8tqsy+buA2WFooR5olqvQ==

ansi-styles@^4.1.0:
  version "4.3.0"
  resolved "https://registry.yarnpkg.com/ansi-styles/-/ansi-styles-4.3.0.tgz#edd803628ae71c04c85ae7a0906edad34b648937"
  integrity sha512-zbB9rCJAT1rbjiVDb2hqKFHNYLxgtk8NURxZ3IZwD3F6NtxbXZQCnnSi1Lkx+IDohdPlFp222wVALIheZJQSEg==
  dependencies:
    color-convert "^2.0.1"

caniuse-lite@^1.0.30001283:
  version "1.0.30001327"
  resolved "https://registry.yarnpkg.com/caniuse-lite/-/caniuse-lite-1.0.30001327.tgz#c1546d7d7bb66506f0ccdad6a7d07fc6d668c858"
  integrity sha512-1/Cg4jlD9qjZzhbzkzEaAC2JHsP0WrOc8Rd/3a3LuajGzGWR/hD7TVyvq99VqmTy99eVh8Zkmdq213OgvgXx7w==

chalk@^4.1.0:
  version "4.1.2"
  resolved "https://registry.yarnpkg.com/chalk/-/chalk-4.1.2.tgz#aac4e2b7734a740867aeb16bf02aad556a1e7a01"
  integrity sha512-oKnbhFyRIXpUuez8iBMmyEa4nbj4IOQyuhc/wy9kY7/WVPcwIO9VA668Pu8RkO7+0G76SLROeyw9CpQ061i4mA==
  dependencies:
    ansi-styles "^4.1.0"
    supports-color "^7.1.0"

color-convert@^2.0.1:
  version "2.0.1"
  resolved "https://registry.yarnpkg.com/color-convert/-/color-convert-2.0.1.tgz#72d3a68d598c9bdb3af2ad1e84f21d896abd4de3"
  integrity sha512-RRECPsj7iu/xb5oKYcsFHSppFNnsj/52OVTRKb4zP5onXwVF3zVmmToNcOfGC+CRDpfK/U584fMg38ZHCaElKQ==
  dependencies:
    color-name "~1.1.4"

color-name@~1.1.4:
  version "1.1.4"
  resolved "https://registry.yarnpkg.com/color-name/-/color-name-1.1.4.tgz#c2a09a87acbde69543de6f63fa3995c826c536a2"
  integrity sha512-dOy+3AuW3a2wNbZHIuMZpTcgjGuLU/uBL/ubcZF9OXbDo8ff4O8yVp5Bf0efS8uEoYo5q4Fx7dY9OgQGXgAsQA==

commander@^6.2.0:
  version "6.2.1"
  resolved "https://registry.yarnpkg.com/commander/-/commander-6.2.1.tgz#0792eb682dfbc325999bb2b84fddddba110ac73c"
  integrity sha512-U7VdrJFnJgo4xjrHpTzu0yrHPGImdsmD95ZlgYSEajAn2JKzDhDTPG9kBTefmObL2w/ngeZnilk+OV9CG3d7UA==

cross-env@^7.0.3:
  version "7.0.3"
  resolved "https://registry.yarnpkg.com/cross-env/-/cross-env-7.0.3.tgz#865264b29677dc015ba8418918965dd232fc54cf"
  integrity sha512-+/HKd6EgcQCJGh2PSjZuUitQBQynKor4wrFbRg4DtAgS1aWO+gU52xpH7M9ScGgXSYmAVS9bIJ8EzuaGw0oNAw==
  dependencies:
    cross-spawn "^7.0.1"

cross-spawn@^7.0.1:
  version "7.0.3"
  resolved "https://registry.yarnpkg.com/cross-spawn/-/cross-spawn-7.0.3.tgz#f73a85b9d5d41d045551c177e2882d4ac85728a6"
  integrity sha512-iRDPJKUPVEND7dHPO8rkbOnPpyDygcDFtWjpeWNCgy8WP2rXcxXL8TskReQl6OrB2G7+UJrags1q15Fudc7G6w==
  dependencies:
    path-key "^3.1.0"
    shebang-command "^2.0.0"
    which "^2.0.1"

duplexer@^0.1.2:
  version "0.1.2"
  resolved "https://registry.yarnpkg.com/duplexer/-/duplexer-0.1.2.tgz#3abe43aef3835f8ae077d136ddce0f276b0400e6"
  integrity sha512-jtD6YG370ZCIi/9GTaJKQxWTZD045+4R4hTk/x1UyoqadyJ9x9CgSi1RlVDQF8U2sxLLSnFkCaMihqljHIWgMg==

gzip-size@^6.0.0:
  version "6.0.0"
  resolved "https://registry.yarnpkg.com/gzip-size/-/gzip-size-6.0.0.tgz#065367fd50c239c0671cbcbad5be3e2eeb10e462"
  integrity sha512-ax7ZYomf6jqPTQ4+XCpUGyXKHk5WweS+e05MBO4/y3WJ5RkmPXNKvX+bx1behVILVwr6JSQvZAku021CHPXG3Q==
  dependencies:
    duplexer "^0.1.2"

has-flag@^4.0.0:
  version "4.0.0"
  resolved "https://registry.yarnpkg.com/has-flag/-/has-flag-4.0.0.tgz#944771fd9c81c81265c4d6941860da06bb59479b"
  integrity sha512-EykJT/Q1KjTWctppgIAgfSO0tKVuZUjhgMr17kqTumMl6Afv3EISleU7qZUzoXDFTAHTDC4NOoG/ZxU3EvlMPQ==

isexe@^2.0.0:
  version "2.0.0"
  resolved "https://registry.yarnpkg.com/isexe/-/isexe-2.0.0.tgz#e8fbf374dc556ff8947a10dcb0572d633f2cfa10"
  integrity sha1-6PvzdNxVb/iUehDcsFctYz8s+hA=

"js-tokens@^3.0.0 || ^4.0.0":
  version "4.0.0"
  resolved "https://registry.yarnpkg.com/js-tokens/-/js-tokens-4.0.0.tgz#19203fb59991df98e3a287050d4647cdeaf32499"
  integrity sha512-RdJUflcE3cUzKiMqQgsCu06FPu9UdIJO0beYbPhHN4k6apgJtifcoCtT9bcxOpYBtpD2kCM6Sbzg4CausW/PKQ==

lodash@^4.17.20:
  version "4.17.21"
  resolved "https://registry.yarnpkg.com/lodash/-/lodash-4.17.21.tgz#679591c564c3bffaae8454cf0b3df370c3d6911c"
  integrity sha512-v2kDEe57lecTulaDIuNTPy3Ry4gLGJ6Z1O3vE1krgXZNrsQ+LFTGHVxVjcXPs17LhbZVGedAJv8XZ1tvj5FvSg==

loose-envify@^1.1.0:
  version "1.4.0"
  resolved "https://registry.yarnpkg.com/loose-envify/-/loose-envify-1.4.0.tgz#71ee51fa7be4caec1a63839f7e682d8132d30caf"
  integrity sha512-lyuxPGr/Wfhrlem2CL/UcnUc1zcqKAImBDzukY7Y5F/yQiNdko6+fRLevlw1HgMySw7f611UIY408EtxRSoK3Q==
  dependencies:
    js-tokens "^3.0.0 || ^4.0.0"

mrmime@^1.0.0:
  version "1.0.0"
  resolved "https://registry.yarnpkg.com/mrmime/-/mrmime-1.0.0.tgz#14d387f0585a5233d291baba339b063752a2398b"
  integrity sha512-a70zx7zFfVO7XpnQ2IX1Myh9yY4UYvfld/dikWRnsXxbyvMcfz+u6UfgNAtH+k2QqtJuzVpv6eLTx1G2+WKZbQ==

nanoid@^3.1.30:
  version "3.3.2"
  resolved "https://registry.yarnpkg.com/nanoid/-/nanoid-3.3.2.tgz#c89622fafb4381cd221421c69ec58547a1eec557"
  integrity sha512-CuHBogktKwpm5g2sRgv83jEy2ijFzBwMoYA60orPDR7ynsLijJDqgsi4RDGj3OJpy3Ieb+LYwiRmIOGyytgITA==

next@12.1.4:
  version "12.1.4"
  resolved "https://registry.yarnpkg.com/next/-/next-12.1.4.tgz#597a9bdec7aec778b442c4f6d41afd2c64a54b23"
  integrity sha512-DA4g97BM4Z0nKtDvCTm58RxdvoQyYzeg0AeVbh0N4Y/D8ELrNu47lQeEgRGF8hV4eQ+Sal90zxrJQQG/mPQ8CQ==
  dependencies:
    "@next/env" "12.1.4"
    caniuse-lite "^1.0.30001283"
    postcss "8.4.5"
    styled-jsx "5.0.1"
  optionalDependencies:
    "@next/swc-android-arm-eabi" "12.1.4"
    "@next/swc-android-arm64" "12.1.4"
    "@next/swc-darwin-arm64" "12.1.4"
    "@next/swc-darwin-x64" "12.1.4"
    "@next/swc-linux-arm-gnueabihf" "12.1.4"
    "@next/swc-linux-arm64-gnu" "12.1.4"
    "@next/swc-linux-arm64-musl" "12.1.4"
    "@next/swc-linux-x64-gnu" "12.1.4"
    "@next/swc-linux-x64-musl" "12.1.4"
    "@next/swc-win32-arm64-msvc" "12.1.4"
    "@next/swc-win32-ia32-msvc" "12.1.4"
    "@next/swc-win32-x64-msvc" "12.1.4"

opener@^1.5.2:
  version "1.5.2"
  resolved "https://registry.yarnpkg.com/opener/-/opener-1.5.2.tgz#5d37e1f35077b9dcac4301372271afdeb2a13598"
  integrity sha512-ur5UIdyw5Y7yEj9wLzhqXiy6GZ3Mwx0yGI+5sMn2r0N0v3cKJvUmFH5yPP+WXh9e0xfyzyJX95D8l088DNFj7A==

path-key@^3.1.0:
  version "3.1.1"
  resolved "https://registry.yarnpkg.com/path-key/-/path-key-3.1.1.tgz#581f6ade658cbba65a0d3380de7753295054f375"
  integrity sha512-ojmeN0qd+y0jszEtoY48r0Peq5dwMEkIlCOu6Q5f41lfkswXuKtYrhgoTpLnyIcHm24Uhqx+5Tqm2InSwLhE6Q==

picocolors@^1.0.0:
  version "1.0.0"
  resolved "https://registry.yarnpkg.com/picocolors/-/picocolors-1.0.0.tgz#cb5bdc74ff3f51892236eaf79d68bc44564ab81c"
  integrity sha512-1fygroTLlHu66zi26VoTDv8yRgm0Fccecssto+MhsZ0D/DGW2sm8E8AjW7NU5VVTRt5GxbeZ5qBuJr+HyLYkjQ==

postcss@8.4.5:
  version "8.4.5"
  resolved "https://registry.yarnpkg.com/postcss/-/postcss-8.4.5.tgz#bae665764dfd4c6fcc24dc0fdf7e7aa00cc77f95"
  integrity sha512-jBDboWM8qpaqwkMwItqTQTiFikhs/67OYVvblFFTM7MrZjt6yMKd6r2kgXizEbTTljacm4NldIlZnhbjr84QYg==
  dependencies:
    nanoid "^3.1.30"
    picocolors "^1.0.0"
    source-map-js "^1.0.1"

react-dom@18.0.0:
  version "18.0.0"
  resolved "https://registry.yarnpkg.com/react-dom/-/react-dom-18.0.0.tgz#26b88534f8f1dbb80853e1eabe752f24100d8023"
  integrity sha512-XqX7uzmFo0pUceWFCt7Gff6IyIMzFUn7QMZrbrQfGxtaxXZIcGQzoNpRLE3fQLnS4XzLLPMZX2T9TRcSrasicw==
  dependencies:
    loose-envify "^1.1.0"
    scheduler "^0.21.0"

react@18.0.0:
  version "18.0.0"
  resolved "https://registry.yarnpkg.com/react/-/react-18.0.0.tgz#b468736d1f4a5891f38585ba8e8fb29f91c3cb96"
  integrity sha512-x+VL6wbT4JRVPm7EGxXhZ8w8LTROaxPXOqhlGyVSrv0sB1jkyFGgXxJ8LVoPRLvPR6/CIZGFmfzqUa2NYeMr2A==
  dependencies:
    loose-envify "^1.1.0"

scheduler@^0.21.0:
  version "0.21.0"
  resolved "https://registry.yarnpkg.com/scheduler/-/scheduler-0.21.0.tgz#6fd2532ff5a6d877b6edb12f00d8ab7e8f308820"
  integrity sha512-1r87x5fz9MXqswA2ERLo0EbOAU74DpIUO090gIasYTqlVoJeMcl+Z1Rg7WHz+qtPujhS/hGIt9kxZOYBV3faRQ==
  dependencies:
    loose-envify "^1.1.0"

shebang-command@^2.0.0:
  version "2.0.0"
  resolved "https://registry.yarnpkg.com/shebang-command/-/shebang-command-2.0.0.tgz#ccd0af4f8835fbdc265b82461aaf0c36663f34ea"
  integrity sha512-kHxr2zZpYtdmrN1qDjrrX/Z1rR1kG8Dx+gkpK1G4eXmvXswmcE1hTWBWYUzlraYw1/yZp6YuDY77YtvbN0dmDA==
  dependencies:
    shebang-regex "^3.0.0"

shebang-regex@^3.0.0:
  version "3.0.0"
  resolved "https://registry.yarnpkg.com/shebang-regex/-/shebang-regex-3.0.0.tgz#ae16f1644d873ecad843b0307b143362d4c42172"
  integrity sha512-7++dFhtcx3353uBaq8DDR4NuxBetBzC7ZQOhmTQInHEd6bSrXdiEyzCvG07Z44UYdLShWUyXt5M/yhz8ekcb1A==

sirv@^1.0.7:
  version "1.0.19"
  resolved "https://registry.yarnpkg.com/sirv/-/sirv-1.0.19.tgz#1d73979b38c7fe91fcba49c85280daa9c2363b49"
  integrity sha512-JuLThK3TnZG1TAKDwNIqNq6QA2afLOCcm+iE8D1Kj3GA40pSPsxQjjJl0J8X3tsR7T+CP1GavpzLwYkgVLWrZQ==
  dependencies:
    "@polka/url" "^1.0.0-next.20"
    mrmime "^1.0.0"
    totalist "^1.0.0"

source-map-js@^1.0.1:
  version "1.0.2"
  resolved "https://registry.yarnpkg.com/source-map-js/-/source-map-js-1.0.2.tgz#adbc361d9c62df380125e7f161f71c826f1e490c"
  integrity sha512-R0XvVJ9WusLiqTCEiGCmICCMplcCkIwwR11mOSD9CR5u+IXYdiseeEuXCVAjS54zqwkLcPNnmU4OeJ6tUrWhDw==

styled-jsx@5.0.1:
  version "5.0.1"
  resolved "https://registry.yarnpkg.com/styled-jsx/-/styled-jsx-5.0.1.tgz#78fecbbad2bf95ce6cd981a08918ce4696f5fc80"
  integrity sha512-+PIZ/6Uk40mphiQJJI1202b+/dYeTVd9ZnMPR80pgiWbjIwvN2zIp4r9et0BgqBuShh48I0gttPlAXA7WVvBxw==

supports-color@^7.1.0:
  version "7.2.0"
  resolved "https://registry.yarnpkg.com/supports-color/-/supports-color-7.2.0.tgz#1b7dcdcb32b8138801b3e478ba6a51caa89648da"
  integrity sha512-qpCAvRl9stuOHveKsn7HncJRvv501qIacKzQlO/+Lwxc9+0q2wLyv4Dfvt80/DPn2pqOBsJdDiogXGR9+OvwRw==
  dependencies:
    has-flag "^4.0.0"

totalist@^1.0.0:
  version "1.1.0"
  resolved "https://registry.yarnpkg.com/totalist/-/totalist-1.1.0.tgz#a4d65a3e546517701e3e5c37a47a70ac97fe56df"
  integrity sha512-gduQwd1rOdDMGxFG1gEvhV88Oirdo2p+KjoYFU7k2g+i7n6AFFbDQ5kMPUsW0pNbfQsB/cwXvT1i4Bue0s9g5g==

webpack-bundle-analyzer@4.3.0:
  version "4.3.0"
  resolved "https://registry.yarnpkg.com/webpack-bundle-analyzer/-/webpack-bundle-analyzer-4.3.0.tgz#2f3c0ca9041d5ee47fa418693cf56b4a518b578b"
  integrity sha512-J3TPm54bPARx6QG8z4cKBszahnUglcv70+N+8gUqv2I5KOFHJbzBiLx+pAp606so0X004fxM7hqRu10MLjJifA==
  dependencies:
    acorn "^8.0.4"
    acorn-walk "^8.0.0"
    chalk "^4.1.0"
    commander "^6.2.0"
    gzip-size "^6.0.0"
    lodash "^4.17.20"
    opener "^1.5.2"
    sirv "^1.0.7"
    ws "^7.3.1"

which@^2.0.1:
  version "2.0.2"
  resolved "https://registry.yarnpkg.com/which/-/which-2.0.2.tgz#7c6a8dd0a636a0327e10b59c9286eee93f3f51b1"
  integrity sha512-BLI3Tl1TW3Pvl70l3yq3Y64i+awpwXqsGBYWkkqMtnbXgrMD+yj7rhW0kuEDxzJaYXGjEW5ogapKNMEKNMjibA==
  dependencies:
    isexe "^2.0.0"

ws@^7.3.1:
  version "7.5.7"
  resolved "https://registry.yarnpkg.com/ws/-/ws-7.5.7.tgz#9e0ac77ee50af70d58326ecff7e85eb3fa375e67"
  integrity sha512-KMvVuFzpKBuiIXW3E4u3mySRO2/mCHSyZDJQM5NQ9Q9KHWHWh0NHgfbRMLLrceUK5qAL4ytALJbpRMjixFZh8A==
